
Microsoft Visual Studio Solution File, Format Version 12.00
# Visual Studio Version 16
VisualStudioVersion = 16.0.30330.147
MinimumVisualStudioVersion = 10.0.40219.1
Project("{8BC9CEB8-8B4A-11D0-8D11-00A0C91BC942}") = "lib", "lib\lib.vcxproj", "{C554AC55-C9AD-4223-B4F9-76021B9E9A76}"
EndProject
Global
	GlobalSection(SolutionConfigurationPlatforms) = preSolution
		Debug|x64 = Debug|x64
		Debug|x86 = Debug|x86
		Release|x64 = Release|x64
		Release|x86 = Release|x86
	EndGlobalSection
	GlobalSection(ProjectConfigurationPlatforms) = postSolution
		{C554AC55-C9AD-4223-B4F9-76021B9E9A76}.Debug|x64.ActiveCfg = Debug|x64
		{C554AC55-C9AD-4223-B4F9-76021B9E9A76}.Debug|x64.Build.0 = Debug|x64
		{C554AC55-C9AD-4223-B4F9-76021B9E9A76}.Debug|x86.ActiveCfg = Debug|Win32
		{C554AC55-C9AD-4223-B4F9-76021B9E9A76}.Debug|x86.Build.0 = Debug|Win32
		{C554AC55-C9AD-4223-B4F9-76021B9E9A76}.Release|x64.ActiveCfg = Release|x64
		{C554AC55-C9AD-4223-B4F9-76021B9E9A76}.Release|x64.Build.0 = Release|x64
		{C554AC55-C9AD-4223-B4F9-76021B9E9A76}.Release|x86.ActiveCfg = Release|Win32
		{C554AC55-C9AD-4223-B4F9-76021B9E9A76}.Release|x86.Build.0 = Release|Win32
	EndGlobalSection
	GlobalSection(SolutionProperties) = preSolution
		HideSolutionNode = FALSE
	EndGlobalSection
	GlobalSection(ExtensibilityGlobals) = postSolution
		SolutionGuid = {B6C5A42A-4065-45B8-A8F3-05A2E95D714A}
	EndGlobalSection
EndGlobal
